
Microsoft Visual Studio Solution File, Format Version 12.00
# Visual Studio Version 17
VisualStudioVersion = 17.0.31903.59
MinimumVisualStudioVersion = 10.0.40219.1
Project("{2150E333-8FDC-42A3-9474-1A3956D46DE8}") = "src", "src", "{987DA2EA-0761-4C4B-9F5B-BDFC49366D5C}"
EndProject
Project("{FAE04EC0-301F-11D3-BF4B-00C04F79EFBC}") = "DesktopPet.Core", "src\DesktopPet.Core\DesktopPet.Core.csproj", "{35F3B7C8-83B2-4615-9B69-98F882064D59}"
EndProject
Project("{FAE04EC0-301F-11D3-BF4B-00C04F79EFBC}") = "DesktopPet.App", "src\DesktopPet.App\DesktopPet.App.csproj", "{7A641603-1A55-477E-9C51-B88447432BC9}"
EndProject
Project("{2150E333-8FDC-42A3-9474-1A3956D46DE8}") = "tests", "tests", "{6016C074-7E0C-48D8-B3EA-C769F65180BF}"
EndProject
Project("{FAE04EC0-301F-11D3-BF4B-00C04F79EFBC}") = "DesktopPet.Core.Tests", "tests\DesktopPet.Core.Tests\DesktopPet.Core.Tests.csproj", "{09BE41CB-CF92-4CF7-8B23-28FD8D22247B}"
EndProject
Project("{FAE04EC0-301F-11D3-BF4B-00C04F79EFBC}") = "DesktopPet.Infra", "src\DesktopPet.Infra\DesktopPet.Infra.csproj", "{68A5FA77-F43F-4152-BDA1-CCADC435D5BB}"
EndProject
Project("{FAE04EC0-301F-11D3-BF4B-00C04F79EFBC}") = "DesktopPet.Infra.Tests", "tests\DesktopPet.Infra.Tests\DesktopPet.Infra.Tests.csproj", "{FF79015F-4A77-41D8-A28F-99D84F90C14B}"
EndProject
Project("{FAE04EC0-301F-11D3-BF4B-00C04F79EFBC}") = "DesktopPet.Agent", "src\DesktopPet.Agent\DesktopPet.Agent.csproj", "{4EA5BC40-273C-4B39-8B51-685D7F2F8837}"
EndProject
Project("{FAE04EC0-301F-11D3-BF4B-00C04F79EFBC}") = "DesktopPet.AgentHost", "src\DesktopPet.AgentHost\DesktopPet.AgentHost.csproj", "{58210873-B1CE-4469-9B76-19E62CCC5351}"
EndProject
Project("{FAE04EC0-301F-11D3-BF4B-00C04F79EFBC}") = "DesktopPet.Agent.Tests", "tests\DesktopPet.Agent.Tests\DesktopPet.Agent.Tests.csproj", "{C379128B-3A0E-4D5A-8AAB-3D7865557A9D}"
EndProject
Global
	GlobalSection(SolutionConfigurationPlatforms) = preSolution
		Debug|Any CPU = Debug|Any CPU
		Debug|x64 = Debug|x64
		Debug|x86 = Debug|x86
		Release|Any CPU = Release|Any CPU
		Release|x64 = Release|x64
		Release|x86 = Release|x86
	EndGlobalSection
	GlobalSection(ProjectConfigurationPlatforms) = postSolution
		{35F3B7C8-83B2-4615-9B69-98F882064D59}.Debug|Any CPU.ActiveCfg = Debug|Any CPU
		{35F3B7C8-83B2-4615-9B69-98F882064D59}.Debug|Any CPU.Build.0 = Debug|Any CPU
		{35F3B7C8-83B2-4615-9B69-98F882064D59}.Debug|x64.ActiveCfg = Debug|Any CPU
		{35F3B7C8-83B2-4615-9B69-98F882064D59}.Debug|x64.Build.0 = Debug|Any CPU
		{35F3B7C8-83B2-4615-9B69-98F882064D59}.Debug|x86.ActiveCfg = Debug|Any CPU
		{35F3B7C8-83B2-4615-9B69-98F882064D59}.Debug|x86.Build.0 = Debug|Any CPU
		{35F3B7C8-83B2-4615-9B69-98F882064D59}.Release|Any CPU.ActiveCfg = Release|Any CPU
		{35F3B7C8-83B2-4615-9B69-98F882064D59}.Release|Any CPU.Build.0 = Release|Any CPU
		{35F3B7C8-83B2-4615-9B69-98F882064D59}.Release|x64.ActiveCfg = Release|Any CPU
		{35F3B7C8-83B2-4615-9B69-98F882064D59}.Release|x64.Build.0 = Release|Any CPU
		{35F3B7C8-83B2-4615-9B69-98F882064D59}.Release|x86.ActiveCfg = Release|Any CPU
		{35F3B7C8-83B2-4615-9B69-98F882064D59}.Release|x86.Build.0 = Release|Any CPU
		{7A641603-1A55-477E-9C51-B88447432BC9}.Debug|Any CPU.ActiveCfg = Debug|Any CPU
		{7A641603-1A55-477E-9C51-B88447432BC9}.Debug|Any CPU.Build.0 = Debug|Any CPU
		{7A641603-1A55-477E-9C51-B88447432BC9}.Debug|x64.ActiveCfg = Debug|Any CPU
		{7A641603-1A55-477E-9C51-B88447432BC9}.Debug|x64.Build.0 = Debug|Any CPU
		{7A641603-1A55-477E-9C51-B88447432BC9}.Debug|x86.ActiveCfg = Debug|Any CPU
		{7A641603-1A55-477E-9C51-B88447432BC9}.Debug|x86.Build.0 = Debug|Any CPU
		{7A641603-1A55-477E-9C51-B88447432BC9}.Release|Any CPU.ActiveCfg = Release|Any CPU
		{7A641603-1A55-477E-9C51-B88447432BC9}.Release|Any CPU.Build.0 = Release|Any CPU
		{7A641603-1A55-477E-9C51-B88447432BC9}.Release|x64.ActiveCfg = Release|Any CPU
		{7A641603-1A55-477E-9C51-B88447432BC9}.Release|x64.Build.0 = Release|Any CPU
		{7A641603-1A55-477E-9C51-B88447432BC9}.Release|x86.ActiveCfg = Release|Any CPU
		{7A641603-1A55-477E-9C51-B88447432BC9}.Release|x86.Build.0 = Release|Any CPU
		{09BE41CB-CF92-4CF7-8B23-28FD8D22247B}.Debug|Any CPU.ActiveCfg = Debug|Any CPU
		{09BE41CB-CF92-4CF7-8B23-28FD8D22247B}.Debug|Any CPU.Build.0 = Debug|Any CPU
		{09BE41CB-CF92-4CF7-8B23-28FD8D22247B}.Debug|x64.ActiveCfg = Debug|Any CPU
		{09BE41CB-CF92-4CF7-8B23-28FD8D22247B}.Debug|x64.Build.0 = Debug|Any CPU
		{09BE41CB-CF92-4CF7-8B23-28FD8D22247B}.Debug|x86.ActiveCfg = Debug|Any CPU
		{09BE41CB-CF92-4CF7-8B23-28FD8D22247B}.Debug|x86.Build.0 = Debug|Any CPU
		{09BE41CB-CF92-4CF7-8B23-28FD8D22247B}.Release|Any CPU.ActiveCfg = Release|Any CPU
		{09BE41CB-CF92-4CF7-8B23-28FD8D22247B}.Release|Any CPU.Build.0 = Release|Any CPU
		{09BE41CB-CF92-4CF7-8B23-28FD8D22247B}.Release|x64.ActiveCfg = Release|Any CPU
		{09BE41CB-CF92-4CF7-8B23-28FD8D22247B}.Release|x64.Build.0 = Release|Any CPU
		{09BE41CB-CF92-4CF7-8B23-28FD8D22247B}.Release|x86.ActiveCfg = Release|Any CPU
		{09BE41CB-CF92-4CF7-8B23-28FD8D22247B}.Release|x86.Build.0 = Release|Any CPU
		{68A5FA77-F43F-4152-BDA1-CCADC435D5BB}.Debug|Any CPU.ActiveCfg = Debug|Any CPU
		{68A5FA77-F43F-4152-BDA1-CCADC435D5BB}.Debug|Any CPU.Build.0 = Debug|Any CPU
		{68A5FA77-F43F-4152-BDA1-CCADC435D5BB}.Debug|x64.ActiveCfg = Debug|Any CPU
		{68A5FA77-F43F-4152-BDA1-CCADC435D5BB}.Debug|x64.Build.0 = Debug|Any CPU
		{68A5FA77-F43F-4152-BDA1-CCADC435D5BB}.Debug|x86.ActiveCfg = Debug|Any CPU
		{68A5FA77-F43F-4152-BDA1-CCADC435D5BB}.Debug|x86.Build.0 = Debug|Any CPU
		{68A5FA77-F43F-4152-BDA1-CCADC435D5BB}.Release|Any CPU.ActiveCfg = Release|Any CPU
		{68A5FA77-F43F-4152-BDA1-CCADC435D5BB}.Release|Any CPU.Build.0 = Release|Any CPU
		{68A5FA77-F43F-4152-BDA1-CCADC435D5BB}.Release|x64.ActiveCfg = Release|Any CPU
		{68A5FA77-F43F-4152-BDA1-CCADC435D5BB}.Release|x64.Build.0 = Release|Any CPU
		{68A5FA77-F43F-4152-BDA1-CCADC435D5BB}.Release|x86.ActiveCfg = Release|Any CPU
		{68A5FA77-F43F-4152-BDA1-CCADC435D5BB}.Release|x86.Build.0 = Release|Any CPU
		{FF79015F-4A77-41D8-A28F-99D84F90C14B}.Debug|Any CPU.ActiveCfg = Debug|Any CPU
		{FF79015F-4A77-41D8-A28F-99D84F90C14B}.Debug|Any CPU.Build.0 = Debug|Any CPU
		{FF79015F-4A77-41D8-A28F-99D84F90C14B}.Debug|x64.ActiveCfg = Debug|Any CPU
		{FF79015F-4A77-41D8-A28F-99D84F90C14B}.Debug|x64.Build.0 = Debug|Any CPU
		{FF79015F-4A77-41D8-A28F-99D84F90C14B}.Debug|x86.ActiveCfg = Debug|Any CPU
		{FF79015F-4A77-41D8-A28F-99D84F90C14B}.Debug|x86.Build.0 = Debug|Any CPU
		{FF79015F-4A77-41D8-A28F-99D84F90C14B}.Release|Any CPU.ActiveCfg = Release|Any CPU
		{FF79015F-4A77-41D8-A28F-99D84F90C14B}.Release|Any CPU.Build.0 = Release|Any CPU
		{FF79015F-4A77-41D8-A28F-99D84F90C14B}.Release|x64.ActiveCfg = Release|Any CPU
		{FF79015F-4A77-41D8-A28F-99D84F90C14B}.Release|x64.Build.0 = Release|Any CPU
		{FF79015F-4A77-41D8-A28F-99D84F90C14B}.Release|x86.ActiveCfg = Release|Any CPU
		{FF79015F-4A77-41D8-A28F-99D84F90C14B}.Release|x86.Build.0 = Release|Any CPU
		{4EA5BC40-273C-4B39-8B51-685D7F2F8837}.Debug|Any CPU.ActiveCfg = Debug|Any CPU
		{4EA5BC40-273C-4B39-8B51-685D7F2F8837}.Debug|Any CPU.Build.0 = Debug|Any CPU
		{4EA5BC40-273C-4B39-8B51-685D7F2F8837}.Debug|x64.ActiveCfg = Debug|Any CPU
		{4EA5BC40-273C-4B39-8B51-685D7F2F8837}.Debug|x64.Build.0 = Debug|Any CPU
		{4EA5BC40-273C-4B39-8B51-685D7F2F8837}.Debug|x86.ActiveCfg = Debug|Any CPU
		{4EA5BC40-273C-4B39-8B51-685D7F2F8837}.Debug|x86.Build.0 = Debug|Any CPU
		{4EA5BC40-273C-4B39-8B51-685D7F2F8837}.Release|Any CPU.ActiveCfg = Release|Any CPU
		{4EA5BC40-273C-4B39-8B51-685D7F2F8837}.Release|Any CPU.Build.0 = Release|Any CPU
		{4EA5BC40-273C-4B39-8B51-685D7F2F8837}.Release|x64.ActiveCfg = Release|Any CPU
		{4EA5BC40-273C-4B39-8B51-685D7F2F8837}.Release|x64.Build.0 = Release|Any CPU
		{4EA5BC40-273C-4B39-8B51-685D7F2F8837}.Release|x86.ActiveCfg = Release|Any CPU
		{4EA5BC40-273C-4B39-8B51-685D7F2F8837}.Release|x86.Build.0 = Release|Any CPU
		{58210873-B1CE-4469-9B76-19E62CCC5351}.Debug|Any CPU.ActiveCfg = Debug|Any CPU
		{58210873-B1CE-4469-9B76-19E62CCC5351}.Debug|Any CPU.Build.0 = Debug|Any CPU
		{58210873-B1CE-4469-9B76-19E62CCC5351}.Debug|x64.ActiveCfg = Debug|Any CPU
		{58210873-B1CE-4469-9B76-19E62CCC5351}.Debug|x64.Build.0 = Debug|Any CPU
		{58210873-B1CE-4469-9B76-19E62CCC5351}.Debug|x86.ActiveCfg = Debug|Any CPU
		{58210873-B1CE-4469-9B76-19E62CCC5351}.Debug|x86.Build.0 = Debug|Any CPU
		{58210873-B1CE-4469-9B76-19E62CCC5351}.Release|Any CPU.ActiveCfg = Release|Any CPU
		{58210873-B1CE-4469-9B76-19E62CCC5351}.Release|Any CPU.Build.0 = Release|Any CPU
		{58210873-B1CE-4469-9B76-19E62CCC5351}.Release|x64.ActiveCfg = Release|Any CPU
		{58210873-B1CE-4469-9B76-19E62CCC5351}.Release|x64.Build.0 = Release|Any CPU
		{58210873-B1CE-4469-9B76-19E62CCC5351}.Release|x86.ActiveCfg = Release|Any CPU
		{58210873-B1CE-4469-9B76-19E62CCC5351}.Release|x86.Build.0 = Release|Any CPU
		{C379128B-3A0E-4D5A-8AAB-3D7865557A9D}.Debug|Any CPU.ActiveCfg = Debug|Any CPU
		{C379128B-3A0E-4D5A-8AAB-3D7865557A9D}.Debug|Any CPU.Build.0 = Debug|Any CPU
		{C379128B-3A0E-4D5A-8AAB-3D7865557A9D}.Debug|x64.ActiveCfg = Debug|Any CPU
		{C379128B-3A0E-4D5A-8AAB-3D7865557A9D}.Debug|x64.Build.0 = Debug|Any CPU
		{C379128B-3A0E-4D5A-8AAB-3D7865557A9D}.Debug|x86.ActiveCfg = Debug|Any CPU
		{C379128B-3A0E-4D5A-8AAB-3D7865557A9D}.Debug|x86.Build.0 = Debug|Any CPU
		{C379128B-3A0E-4D5A-8AAB-3D7865557A9D}.Release|Any CPU.ActiveCfg = Release|Any CPU
		{C379128B-3A0E-4D5A-8AAB-3D7865557A9D}.Release|Any CPU.Build.0 = Release|Any CPU
		{C379128B-3A0E-4D5A-8AAB-3D7865557A9D}.Release|x64.ActiveCfg = Release|Any CPU
		{C379128B-3A0E-4D5A-8AAB-3D7865557A9D}.Release|x64.Build.0 = Release|Any CPU
		{C379128B-3A0E-4D5A-8AAB-3D7865557A9D}.Release|x86.ActiveCfg = Release|Any CPU
		{C379128B-3A0E-4D5A-8AAB-3D7865557A9D}.Release|x86.Build.0 = Release|Any CPU
	EndGlobalSection
	GlobalSection(SolutionProperties) = preSolution
		HideSolutionNode = FALSE
	EndGlobalSection
	GlobalSection(NestedProjects) = preSolution
		{35F3B7C8-83B2-4615-9B69-98F882064D59} = {987DA2EA-0761-4C4B-9F5B-BDFC49366D5C}
		{7A641603-1A55-477E-9C51-B88447432BC9} = {987DA2EA-0761-4C4B-9F5B-BDFC49366D5C}
		{09BE41CB-CF92-4CF7-8B23-28FD8D22247B} = {6016C074-7E0C-48D8-B3EA-C769F65180BF}
		{68A5FA77-F43F-4152-BDA1-CCADC435D5BB} = {987DA2EA-0761-4C4B-9F5B-BDFC49366D5C}
		{FF79015F-4A77-41D8-A28F-99D84F90C14B} = {6016C074-7E0C-48D8-B3EA-C769F65180BF}
		{4EA5BC40-273C-4B39-8B51-685D7F2F8837} = {987DA2EA-0761-4C4B-9F5B-BDFC49366D5C}
		{58210873-B1CE-4469-9B76-19E62CCC5351} = {987DA2EA-0761-4C4B-9F5B-BDFC49366D5C}
		{C379128B-3A0E-4D5A-8AAB-3D7865557A9D} = {6016C074-7E0C-48D8-B3EA-C769F65180BF}
	EndGlobalSection
EndGlobal
